<?xml version="1.0" encoding="utf-8"?>
<Project ToolsVersion="4.0" xmlns="http://schemas.microsoft.com/developer/msbuild/2003">
  <ItemGroup>
    <Filter Include="源文件">
      <UniqueIdentifier>{4FC737F1-C7A5-4376-A066-2A32D752A2FF}</UniqueIdentifier>
      <Extensions>cpp;c;cc;cxx;def;odl;idl;hpj;bat;asm;asmx</Extensions>
    </Filter>
    <Filter Include="头文件">
      <UniqueIdentifier>{93995380-89BD-4b04-88EB-625FBE52EBFB}</UniqueIdentifier>
      <Extensions>h;hh;hpp;hxx;hm;inl;inc;xsd</Extensions>
    </Filter>
    <Filter Include="资源文件">
      <UniqueIdentifier>{67DA6AB6-F800-4c08-8B7A-83BB121AAD01}</UniqueIdentifier>
      <Extensions>rc;ico;cur;bmp;dlg;rc2;rct;bin;rgs;gif;jpg;jpeg;jpe;resx;tiff;tif;png;wav;mfcribbon-ms</Extensions>
    </Filter>
    <Filter Include="DBServerLib">
      <UniqueIdentifier>{c2cc00a9-e9b6-4d9a-b490-24a6bc5a93a7}</UniqueIdentifier>
    </Filter>
    <Filter Include="Lua">
      <UniqueIdentifier>{cf7ab8c0-cea5-4a71-9e24-792d3f5d4e01}</UniqueIdentifier>
    </Filter>
  </ItemGroup>
  <ItemGroup>
    <Text Include="ReadMe.txt" />
  </ItemGroup>
  <ItemGroup>
    <ClInclude Include="stdafx.h">
      <Filter>头文件</Filter>
    </ClInclude>
    <ClInclude Include="targetver.h">
      <Filter>头文件</Filter>
    </ClInclude>
    <ClInclude Include="Ref.h">
      <Filter>DBServerLib</Filter>
    </ClInclude>
    <ClInclude Include="DBOper.h">
      <Filter>DBServerLib</Filter>
    </ClInclude>
    <ClInclude Include="SJHType.h">
      <Filter>DBServerLib</Filter>
    </ClInclude>
    <ClInclude Include="DBTaskEvent.h">
      <Filter>DBServerLib</Filter>
    </ClInclude>
    <ClInclude Include="NetSocket.h">
      <Filter>DBServerLib</Filter>
    </ClInclude>
    <ClInclude Include="SocketManage.h">
      <Filter>DBServerLib</Filter>
    </ClInclude>
    <ClInclude Include="JHConfigManage.h">
      <Filter>DBServerLib</Filter>
    </ClInclude>
    <ClInclude Include="JHTimerSystem.h">
      <Filter>DBServerLib</Filter>
    </ClInclude>
    <ClInclude Include="ThreadPoolManage.h">
      <Filter>DBServerLib</Filter>
    </ClInclude>
    <ClInclude Include="LuaManage.h">
      <Filter>DBServerLib</Filter>
    </ClInclude>
    <ClInclude Include="..\Lua\ldo.h">
      <Filter>Lua</Filter>
    </ClInclude>
    <ClInclude Include="..\Lua\lfunc.h">
      <Filter>Lua</Filter>
    </ClInclude>
    <ClInclude Include="..\Lua\lgc.h">
      <Filter>Lua</Filter>
    </ClInclude>
    <ClInclude Include="..\Lua\llex.h">
      <Filter>Lua</Filter>
    </ClInclude>
    <ClInclude Include="..\Lua\llimits.h">
      <Filter>Lua</Filter>
    </ClInclude>
    <ClInclude Include="..\Lua\lmem.h">
      <Filter>Lua</Filter>
    </ClInclude>
    <ClInclude Include="..\Lua\lobject.h">
      <Filter>Lua</Filter>
    </ClInclude>
    <ClInclude Include="..\Lua\lopcodes.h">
      <Filter>Lua</Filter>
    </ClInclude>
    <ClInclude Include="..\Lua\lparser.h">
      <Filter>Lua</Filter>
    </ClInclude>
    <ClInclude Include="..\Lua\lstate.h">
      <Filter>Lua</Filter>
    </ClInclude>
    <ClInclude Include="..\Lua\lstring.h">
      <Filter>Lua</Filter>
    </ClInclude>
    <ClInclude Include="..\Lua\ltable.h">
      <Filter>Lua</Filter>
    </ClInclude>
    <ClInclude Include="..\Lua\ltm.h">
      <Filter>Lua</Filter>
    </ClInclude>
    <ClInclude Include="..\Lua\lua.h">
      <Filter>Lua</Filter>
    </ClInclude>
    <ClInclude Include="..\Lua\lua.hpp">
      <Filter>Lua</Filter>
    </ClInclude>
    <ClInclude Include="..\Lua\luaconf.h">
      <Filter>Lua</Filter>
    </ClInclude>
    <ClInclude Include="..\Lua\lualib.h">
      <Filter>Lua</Filter>
    </ClInclude>
    <ClInclude Include="..\Lua\lundump.h">
      <Filter>Lua</Filter>
    </ClInclude>
    <ClInclude Include="..\Lua\lvm.h">
      <Filter>Lua</Filter>
    </ClInclude>
    <ClInclude Include="..\Lua\lzio.h">
      <Filter>Lua</Filter>
    </ClInclude>
    <ClInclude Include="..\Lua\lapi.h">
      <Filter>Lua</Filter>
    </ClInclude>
    <ClInclude Include="..\Lua\lauxlib.h">
      <Filter>Lua</Filter>
    </ClInclude>
    <ClInclude Include="..\Lua\lcode.h">
      <Filter>Lua</Filter>
    </ClInclude>
    <ClInclude Include="..\Lua\ldebug.h">
      <Filter>Lua</Filter>
    </ClInclude>
    <ClInclude Include="RegisterLuaDefine.h">
      <Filter>DBServerLib</Filter>
    </ClInclude>
    <ClInclude Include="LuaInterFace.h">
      <Filter>DBServerLib</Filter>
    </ClInclude>
    <ClInclude Include="Test2Lua.h">
      <Filter>头文件</Filter>
    </ClInclude>
  </ItemGroup>
  <ItemGroup>
    <ClCompile Include="stdafx.cpp">
      <Filter>源文件</Filter>
    </ClCompile>
    <ClCompile Include="DBServer.cpp">
      <Filter>源文件</Filter>
    </ClCompile>
    <ClCompile Include="Ref.cpp">
      <Filter>DBServerLib</Filter>
    </ClCompile>
    <ClCompile Include="DBOper.cpp">
      <Filter>DBServerLib</Filter>
    </ClCompile>
    <ClCompile Include="DBTaskEvent.cpp">
      <Filter>DBServerLib</Filter>
    </ClCompile>
    <ClCompile Include="NetSocket.cpp">
      <Filter>DBServerLib</Filter>
    </ClCompile>
    <ClCompile Include="SocketManage.cpp">
      <Filter>DBServerLib</Filter>
    </ClCompile>
    <ClCompile Include="JHTimerSystem.cpp">
      <Filter>DBServerLib</Filter>
    </ClCompile>
    <ClCompile Include="JHConfigManage.cpp">
      <Filter>DBServerLib</Filter>
    </ClCompile>
    <ClCompile Include="ThreadPoolManage.cpp">
      <Filter>DBServerLib</Filter>
    </ClCompile>
    <ClCompile Include="LuaManage.cpp">
      <Filter>DBServerLib</Filter>
    </ClCompile>
    <ClCompile Include="..\Lua\ldump.c">
      <Filter>Lua</Filter>
    </ClCompile>
    <ClCompile Include="..\Lua\lfunc.c">
      <Filter>Lua</Filter>
    </ClCompile>
    <ClCompile Include="..\Lua\lgc.c">
      <Filter>Lua</Filter>
    </ClCompile>
    <ClCompile Include="..\Lua\linit.c">
      <Filter>Lua</Filter>
    </ClCompile>
    <ClCompile Include="..\Lua\liolib.c">
      <Filter>Lua</Filter>
    </ClCompile>
    <ClCompile Include="..\Lua\llex.c">
      <Filter>Lua</Filter>
    </ClCompile>
    <ClCompile Include="..\Lua\lmathlib.c">
      <Filter>Lua</Filter>
    </ClCompile>
    <ClCompile Include="..\Lua\lmem.c">
      <Filter>Lua</Filter>
    </ClCompile>
    <ClCompile Include="..\Lua\loadlib.c">
      <Filter>Lua</Filter>
    </ClCompile>
    <ClCompile Include="..\Lua\lobject.c">
      <Filter>Lua</Filter>
    </ClCompile>
    <ClCompile Include="..\Lua\lopcodes.c">
      <Filter>Lua</Filter>
    </ClCompile>
    <ClCompile Include="..\Lua\loslib.c">
      <Filter>Lua</Filter>
    </ClCompile>
    <ClCompile Include="..\Lua\lparser.c">
      <Filter>Lua</Filter>
    </ClCompile>
    <ClCompile Include="..\Lua\lstate.c">
      <Filter>Lua</Filter>
    </ClCompile>
    <ClCompile Include="..\Lua\lstring.c">
      <Filter>Lua</Filter>
    </ClCompile>
    <ClCompile Include="..\Lua\lstrlib.c">
      <Filter>Lua</Filter>
    </ClCompile>
    <ClCompile Include="..\Lua\ltable.c">
      <Filter>Lua</Filter>
    </ClCompile>
    <ClCompile Include="..\Lua\ltablib.c">
      <Filter>Lua</Filter>
    </ClCompile>
    <ClCompile Include="..\Lua\ltm.c">
      <Filter>Lua</Filter>
    </ClCompile>
    <ClCompile Include="..\Lua\lundump.c">
      <Filter>Lua</Filter>
    </ClCompile>
    <ClCompile Include="..\Lua\lvm.c">
      <Filter>Lua</Filter>
    </ClCompile>
    <ClCompile Include="..\Lua\lzio.c">
      <Filter>Lua</Filter>
    </ClCompile>
    <ClCompile Include="..\Lua\print.c">
      <Filter>Lua</Filter>
    </ClCompile>
    <ClCompile Include="..\Lua\wmain.c">
      <Filter>Lua</Filter>
    </ClCompile>
    <ClCompile Include="..\Lua\lapi.c">
      <Filter>Lua</Filter>
    </ClCompile>
    <ClCompile Include="..\Lua\lauxlib.c">
      <Filter>Lua</Filter>
    </ClCompile>
    <ClCompile Include="..\Lua\lbaselib.c">
      <Filter>Lua</Filter>
    </ClCompile>
    <ClCompile Include="..\Lua\lcode.c">
      <Filter>Lua</Filter>
    </ClCompile>
    <ClCompile Include="..\Lua\ldblib.c">
      <Filter>Lua</Filter>
    </ClCompile>
    <ClCompile Include="..\Lua\ldebug.c">
      <Filter>Lua</Filter>
    </ClCompile>
    <ClCompile Include="..\Lua\ldo.c">
      <Filter>Lua</Filter>
    </ClCompile>
    <ClCompile Include="Test2Lua.cpp">
      <Filter>源文件</Filter>
    </ClCompile>
  </ItemGroup>
</Project>